
Microsoft Visual Studio Solution File, Format Version 12.00
# Visual Studio Version 17
VisualStudioVersion = 17.8.34511.84
MinimumVisualStudioVersion = 10.0.40219.1
Project("{F184B08F-C81C-45F6-A57F-5ABD9991F28F}") = "QuizFour", "QuizFour.vbproj", "{5BA3F0DC-A958-4E26-8234-C44BFA8AF982}"
EndProject
Global
	GlobalSection(SolutionConfigurationPlatforms) = preSolution
		Debug|Any CPU = Debug|Any CPU
		Release|Any CPU = Release|Any CPU
	EndGlobalSection
	GlobalSection(ProjectConfigurationPlatforms) = postSolution
		{5BA3F0DC-A958-4E26-8234-C44BFA8AF982}.Debug|Any CPU.ActiveCfg = Debug|Any CPU
		{5BA3F0DC-A958-4E26-8234-C44BFA8AF982}.Debug|Any CPU.Build.0 = Debug|Any CPU
		{5BA3F0DC-A958-4E26-8234-C44BFA8AF982}.Release|Any CPU.ActiveCfg = Release|Any CPU
		{5BA3F0DC-A958-4E26-8234-C44BFA8AF982}.Release|Any CPU.Build.0 = Release|Any CPU
	EndGlobalSection
	GlobalSection(SolutionProperties) = preSolution
		HideSolutionNode = FALSE
	EndGlobalSection
	GlobalSection(ExtensibilityGlobals) = postSolution
		SolutionGuid = {0207E73B-78C2-4873-BB14-3E8E58FFA304}
	EndGlobalSection
EndGlobal
